
Microsoft Visual Studio Solution File, Format Version 12.00
# Visual Studio 15
VisualStudioVersion = 15.0.27703.2026
MinimumVisualStudioVersion = 10.0.40219.1
Project("{9A19103F-16F7-4668-BE54-9A1E7A4F7556}") = "Blog.Api", "Blog.Api\Blog.Api.csproj", "{07371911-FBC8-4BE8-8095-5E7D6363CA7D}"
EndProject
Project("{00D1A9C2-B5F0-4AF3-8072-F6C62B433612}") = "Blog.Database", "Blog.Database\Blog.Database.sqlproj", "{99386B07-9C7D-472E-AFA6-29AD00505E44}"
EndProject
Project("{9A19103F-16F7-4668-BE54-9A1E7A4F7556}") = "Blog.IntegrationTests", "Blog.IntegrationTests\Blog.IntegrationTests.csproj", "{AA46ACA5-1E60-4731-9EF4-826A5FD4B40D}"
EndProject
Global
	GlobalSection(SolutionConfigurationPlatforms) = preSolution
		Debug|Any CPU = Debug|Any CPU
		Release|Any CPU = Release|Any CPU
	EndGlobalSection
	GlobalSection(ProjectConfigurationPlatforms) = postSolution
		{07371911-FBC8-4BE8-8095-5E7D6363CA7D}.Debug|Any CPU.ActiveCfg = Debug|Any CPU
		{07371911-FBC8-4BE8-8095-5E7D6363CA7D}.Debug|Any CPU.Build.0 = Debug|Any CPU
		{07371911-FBC8-4BE8-8095-5E7D6363CA7D}.Release|Any CPU.ActiveCfg = Release|Any CPU
		{07371911-FBC8-4BE8-8095-5E7D6363CA7D}.Release|Any CPU.Build.0 = Release|Any CPU
		{99386B07-9C7D-472E-AFA6-29AD00505E44}.Debug|Any CPU.ActiveCfg = Debug|Any CPU
		{99386B07-9C7D-472E-AFA6-29AD00505E44}.Debug|Any CPU.Build.0 = Debug|Any CPU
		{99386B07-9C7D-472E-AFA6-29AD00505E44}.Debug|Any CPU.Deploy.0 = Debug|Any CPU
		{99386B07-9C7D-472E-AFA6-29AD00505E44}.Release|Any CPU.ActiveCfg = Release|Any CPU
		{99386B07-9C7D-472E-AFA6-29AD00505E44}.Release|Any CPU.Build.0 = Release|Any CPU
		{99386B07-9C7D-472E-AFA6-29AD00505E44}.Release|Any CPU.Deploy.0 = Release|Any CPU
		{AA46ACA5-1E60-4731-9EF4-826A5FD4B40D}.Debug|Any CPU.ActiveCfg = Debug|Any CPU
		{AA46ACA5-1E60-4731-9EF4-826A5FD4B40D}.Debug|Any CPU.Build.0 = Debug|Any CPU
		{AA46ACA5-1E60-4731-9EF4-826A5FD4B40D}.Release|Any CPU.ActiveCfg = Release|Any CPU
		{AA46ACA5-1E60-4731-9EF4-826A5FD4B40D}.Release|Any CPU.Build.0 = Release|Any CPU
	EndGlobalSection
	GlobalSection(SolutionProperties) = preSolution
		HideSolutionNode = FALSE
	EndGlobalSection
	GlobalSection(ExtensibilityGlobals) = postSolution
		SolutionGuid = {7D7FFB70-8344-464E-8A9F-9BEB6F9C94F4}
	EndGlobalSection
EndGlobal
